// !$*UTF8*$!
{
	archiveVersion = 1;
	classes = {
	};
	objectVersion = 55;
	objects = {

/* Begin PBXBuildFile section */
		C16ACB61286A3D1200952B89 /* AppDelegate.swift in Sources */ = {isa = PBXBuildFile; fileRef = C16ACB60286A3D1200952B89 /* AppDelegate.swift */; };
		C16ACB63286A3D1200952B89 /* SceneDelegate.swift in Sources */ = {isa = PBXBuildFile; fileRef = C16ACB62286A3D1200952B89 /* SceneDelegate.swift */; };
		C16ACB65286A3D1200952B89 /* ViewController.swift in Sources */ = {isa = PBXBuildFile; fileRef = C16ACB64286A3D1200952B89 /* ViewController.swift */; };
		C16ACB68286A3D1200952B89 /* Main.storyboard in Resources */ = {isa = PBXBuildFile; fileRef = C16ACB66286A3D1200952B89 /* Main.storyboard */; };
		C16ACB6B286A3D1200952B89 /* toDoListApp.xcdatamodeld in Sources */ = {isa = PBXBuildFile; fileRef = C16ACB69286A3D1200952B89 /* toDoListApp.xcdatamodeld */; };
		C16ACB6D286A3D1E00952B89 /* Assets.xcassets in Resources */ = {isa = PBXBuildFile; fileRef = C16ACB6C286A3D1E00952B89 /* Assets.xcassets */; };
		C16ACB70286A3D1E00952B89 /* LaunchScreen.storyboard in Resources */ = {isa = PBXBuildFile; fileRef = C16ACB6E286A3D1E00952B89 /* LaunchScreen.storyboard */; };
		C16ACB7B286A3D2000952B89 /* toDoListAppTests.swift in Sources */ = {isa = PBXBuildFile; fileRef = C16ACB7A286A3D2000952B89 /* toDoListAppTests.swift */; };
		C16ACB85286A3D2000952B89 /* toDoListAppUITests.swift in Sources */ = {isa = PBXBuildFile; fileRef = C16ACB84286A3D2000952B89 /* toDoListAppUITests.swift */; };
		C16ACB87286A3D2000952B89 /* toDoListAppUITestsLaunchTests.swift in Sources */ = {isa = PBXBuildFile; fileRef = C16ACB86286A3D2000952B89 /* toDoListAppUITestsLaunchTests.swift */; };
/* End PBXBuildFile section */

/* Begin PBXContainerItemProxy section */
		C16ACB77286A3D2000952B89 /* PBXContainerItemProxy */ = {
			isa = PBXContainerItemProxy;
			containerPortal = C16ACB55286A3D1200952B89 /* Project object */;
			proxyType = 1;
			remoteGlobalIDString = C16ACB5C286A3D1200952B89;
			remoteInfo = toDoListApp;
		};
		C16ACB81286A3D2000952B89 /* PBXContainerItemProxy */ = {
			isa = PBXContainerItemProxy;
			containerPortal = C16ACB55286A3D1200952B89 /* Project object */;
			proxyType = 1;
			remoteGlobalIDString = C16ACB5C286A3D1200952B89;
			remoteInfo = toDoListApp;
		};
/* End PBXContainerItemProxy section */

/* Begin PBXFileReference section */
		C16ACB5D286A3D1200952B89 /* toDoListApp.app */ = {isa = PBXFileReference; explicitFileType = wrapper.application; includeInIndex = 0; path = toDoListApp.app; sourceTree = BUILT_PRODUCTS_DIR; };
		C16ACB60286A3D1200952B89 /* AppDelegate.swift */ = {isa = PBXFileReference; lastKnownFileType = sourcecode.swift; path = AppDelegate.swift; sourceTree = "<group>"; };
		C16ACB62286A3D1200952B89 /* SceneDelegate.swift */ = {isa = PBXFileReference; lastKnownFileType = sourcecode.swift; path = SceneDelegate.swift; sourceTree = "<group>"; };
		C16ACB64286A3D1200952B89 /* ViewController.swift */ = {isa = PBXFileReference; lastKnownFileType = sourcecode.swift; path = ViewController.swift; sourceTree = "<group>"; };
		C16ACB67286A3D1200952B89 /* Base */ = {isa = PBXFileReference; lastKnownFileType = file.storyboard; name = Base; path = Base.lproj/Main.storyboard; sourceTree = "<group>"; };
		C16ACB6A286A3D1200952B89 /* toDoListApp.xcdatamodel */ = {isa = PBXFileReference; lastKnownFileType = wrapper.xcdatamodel; path = toDoListApp.xcdatamodel; sourceTree = "<group>"; };
		C16ACB6C286A3D1E00952B89 /* Assets.xcassets */ = {isa = PBXFileReference; lastKnownFileType = folder.assetcatalog; path = Assets.xcassets; sourceTree = "<group>"; };
		C16ACB6F286A3D1E00952B89 /* Base */ = {isa = PBXFileReference; lastKnownFileType = file.storyboard; name = Base; path = Base.lproj/LaunchScreen.storyboard; sourceTree = "<group>"; };
		C16ACB71286A3D1E00952B89 /* Info.plist */ = {isa = PBXFileReference; lastKnownFileType = text.plist.xml; path = Info.plist; sourceTree = "<group>"; };
		C16ACB76286A3D2000952B89 /* toDoListAppTests.xctest */ = {isa = PBXFileReference; explicitFileType = wrapper.cfbundle; includeInIndex = 0; path = toDoListAppTests.xctest; sourceTree = BUILT_PRODUCTS_DIR; };
		C16ACB7A286A3D2000952B89 /* toDoListAppTests.swift */ = {isa = PBXFileReference; lastKnownFileType = sourcecode.swift; path = toDoListAppTests.swift; sourceTree = "<group>"; };
		C16ACB80286A3D2000952B89 /* toDoListAppUITests.xctest */ = {isa = PBXFileReference; explicitFileType = wrapper.cfbundle; includeInIndex = 0; path = toDoListAppUITests.xctest; sourceTree = BUILT_PRODUCTS_DIR; };
		C16ACB84286A3D2000952B89 /* toDoListAppUITests.swift */ = {isa = PBXFileReference; lastKnownFileType = sourcecode.swift; path = toDoListAppUITests.swift; sourceTree = "<group>"; };
		C16ACB86286A3D2000952B89 /* toDoListAppUITestsLaunchTests.swift */ = {isa = PBXFileReference; lastKnownFileType = sourcecode.swift; path = toDoListAppUITestsLaunchTests.swift; sourceTree = "<group>"; };
/* End PBXFileReference section */

/* Begin PBXFrameworksBuildPhase section */
		C16ACB5A286A3D1200952B89 /* Frameworks */ = {
			isa = PBXFrameworksBuildPhase;
			buildActionMask = 2147483647;
			files = (
			);
			runOnlyForDeploymentPostprocessing = 0;
		};
		C16ACB73286A3D2000952B89 /* Frameworks */ = {
			isa = PBXFrameworksBuildPhase;
			buildActionMask = 2147483647;
			files = (
			);
			runOnlyForDeploymentPostprocessing = 0;
		};
		C16ACB7D286A3D2000952B89 /* Frameworks */ = {
			isa = PBXFrameworksBuildPhase;
			buildActionMask = 2147483647;
			files = (
			);
			runOnlyForDeploymentPostprocessing = 0;
		};
/* End PBXFrameworksBuildPhase section */

/* Begin PBXGroup section */
		C16ACB54286A3D1200952B89 = {
			isa = PBXGroup;
			children = (
				C16ACB5F286A3D1200952B89 /* toDoListApp */,
				C16ACB79286A3D2000952B89 /* toDoListAppTests */,
				C16ACB83286A3D2000952B89 /* toDoListAppUITests */,
				C16ACB5E286A3D1200952B89 /* Products */,
			);
			sourceTree = "<group>";
		};
		C16ACB5E286A3D1200952B89 /* Products */ = {
			isa = PBXGroup;
			children = (
				C16ACB5D286A3D1200952B89 /* toDoListApp.app */,
				C16ACB76286A3D2000952B89 /* toDoListAppTests.xctest */,
				C16ACB80286A3D2000952B89 /* toDoListAppUITests.xctest */,
			);
			name = Products;
			sourceTree = "<group>";
		};
		C16ACB5F286A3D1200952B89 /* toDoListApp */ = {
			isa = PBXGroup;
			children = (
				C16ACB60286A3D1200952B89 /* AppDelegate.swift */,
				C16ACB62286A3D1200952B89 /* SceneDelegate.swift */,
				C16ACB64286A3D1200952B89 /* ViewController.swift */,
				C16ACB66286A3D1200952B89 /* Main.storyboard */,
				C16ACB6C286A3D1E00952B89 /* Assets.xcassets */,
				C16ACB6E286A3D1E00952B89 /* LaunchScreen.storyboard */,
				C16ACB71286A3D1E00952B89 /* Info.plist */,
				C16ACB69286A3D1200952B89 /* toDoListApp.xcdatamodeld */,
			);
			path = toDoListApp;
			sourceTree = "<group>";
		};
		C16ACB79286A3D2000952B89 /* toDoListAppTests */ = {
			isa = PBXGroup;
			children = (
				C16ACB7A286A3D2000952B89 /* toDoListAppTests.swift */,
			);
			path = toDoListAppTests;
			sourceTree = "<group>";
		};
		C16ACB83286A3D2000952B89 /* toDoListAppUITests */ = {
			isa = PBXGroup;
			children = (
				C16ACB84286A3D2000952B89 /* toDoListAppUITests.swift */,
				C16ACB86286A3D2000952B89 /* toDoListAppUITestsLaunchTests.swift */,
			);
			path = toDoListAppUITests;
			sourceTree = "<group>";
		};
/* End PBXGroup section */

/* Begin PBXNativeTarget section */
		C16ACB5C286A3D1200952B89 /* toDoListApp */ = {
			isa = PBXNativeTarget;
			buildConfigurationList = C16ACB8A286A3D2000952B89 /* Build configuration list for PBXNativeTarget "toDoListApp" */;
			buildPhases = (
				C16ACB59286A3D1200952B89 /* Sources */,
				C16ACB5A286A3D1200952B89 /* Frameworks */,
				C16ACB5B286A3D1200952B89 /* Resources */,
			);
			buildRules = (
			);
			dependencies = (
			);
			name = toDoListApp;
			productName = toDoListApp;
			productReference = C16ACB5D286A3D1200952B89 /* toDoListApp.app */;
			productType = "com.apple.product-type.application";
		};
		C16ACB75286A3D2000952B89 /* toDoListAppTests */ = {
			isa = PBXNativeTarget;
			buildConfigurationList = C16ACB8D286A3D2000952B89 /* Build configuration list for PBXNativeTarget "toDoListAppTests" */;
			buildPhases = (
				C16ACB72286A3D2000952B89 /* Sources */,
				C16ACB73286A3D2000952B89 /* Frameworks */,
				C16ACB74286A3D2000952B89 /* Resources */,
			);
			buildRules = (
			);
			dependencies = (
				C16ACB78286A3D2000952B89 /* PBXTargetDependency */,
			);
			name = toDoListAppTests;
			productName = toDoListAppTests;
			productReference = C16ACB76286A3D2000952B89 /* toDoListAppTests.xctest */;
			productType = "com.apple.product-type.bundle.unit-test";
		};
		C16ACB7F286A3D2000952B89 /* toDoListAppUITests */ = {
			isa = PBXNativeTarget;
			buildConfigurationList = C16ACB90286A3D2000952B89 /* Build configuration list for PBXNativeTarget "toDoListAppUITests" */;
			buildPhases = (
				C16ACB7C286A3D2000952B89 /* Sources */,
				C16ACB7D286A3D2000952B89 /* Frameworks */,
				C16ACB7E286A3D2000952B89 /* Resources */,
			);
			buildRules = (
			);
			dependencies = (
				C16ACB82286A3D2000952B89 /* PBXTargetDependency */,
			);
			name = toDoListAppUITests;
			productName = toDoListAppUITests;
			productReference = C16ACB80286A3D2000952B89 /* toDoListAppUITests.xctest */;
			productType = "com.apple.product-type.bundle.ui-testing";
		};
/* End PBXNativeTarget section */

/* Begin PBXProject section */
		C16ACB55286A3D1200952B89 /* Project object */ = {
			isa = PBXProject;
			attributes = {
				BuildIndependentTargetsInParallel = 1;
				LastSwiftUpdateCheck = 1340;
				LastUpgradeCheck = 1340;
				TargetAttributes = {
					C16ACB5C286A3D1200952B89 = {
						CreatedOnToolsVersion = 13.4.1;
					};
					C16ACB75286A3D2000952B89 = {
						CreatedOnToolsVersion = 13.4.1;
						TestTargetID = C16ACB5C286A3D1200952B89;
					};
					C16ACB7F286A3D2000952B89 = {
						CreatedOnToolsVersion = 13.4.1;
						TestTargetID = C16ACB5C286A3D1200952B89;
					};
				};
			};
			buildConfigurationList = C16ACB58286A3D1200952B89 /* Build configuration list for PBXProject "toDoListApp" */;
			compatibilityVersion = "Xcode 13.0";
			developmentRegion = en;
			hasScannedForEncodings = 0;
			knownRegions = (
				en,
				Base,
			);
			mainGroup = C16ACB54286A3D1200952B89;
			productRefGroup = C16ACB5E286A3D1200952B89 /* Products */;
			projectDirPath = "";
			projectRoot = "";
			targets = (
				C16ACB5C286A3D1200952B89 /* toDoListApp */,
				C16ACB75286A3D2000952B89 /* toDoListAppTests */,
				C16ACB7F286A3D2000952B89 /* toDoListAppUITests */,
			);
		};
/* End PBXProject section */

/* Begin PBXResourcesBuildPhase section */
		C16ACB5B286A3D1200952B89 /* Resources */ = {
			isa = PBXResourcesBuildPhase;
			buildActionMask = 2147483647;
			files = (
				C16ACB70286A3D1E00952B89 /* LaunchScreen.storyboard in Resources */,
				C16ACB6D286A3D1E00952B89 /* Assets.xcassets in Resources */,
				C16ACB68286A3D1200952B89 /* Main.storyboard in Resources */,
			);
			runOnlyForDeploymentPostprocessing = 0;
		};
		C16ACB74286A3D2000952B89 /* Resources */ = {
			isa = PBXResourcesBuildPhase;
			buildActionMask = 2147483647;
			files = (
			);
			runOnlyForDeploymentPostprocessing = 0;
		};
		C16ACB7E286A3D2000952B89 /* Resources */ = {
			isa = PBXResourcesBuildPhase;
			buildActionMask = 2147483647;
			files = (
			);
			runOnlyForDeploymentPostprocessing = 0;
		};
/* End PBXResourcesBuildPhase section */

/* Begin PBXSourcesBuildPhase section */
		C16ACB59286A3D1200952B89 /* Sources */ = {
			isa = PBXSourcesBuildPhase;
			buildActionMask = 2147483647;
			files = (
				C16ACB65286A3D1200952B89 /* ViewController.swift in Sources */,
				C16ACB61286A3D1200952B89 /* AppDelegate.swift in Sources */,
				C16ACB63286A3D1200952B89 /* SceneDelegate.swift in Sources */,
				C16ACB6B286A3D1200952B89 /* toDoListApp.xcdatamodeld in Sources */,
			);
			runOnlyForDeploymentPostprocessing = 0;
		};
		C16ACB72286A3D2000952B89 /* Sources */ = {
			isa = PBXSourcesBuildPhase;
			buildActionMask = 2147483647;
			files = (
				C16ACB7B286A3D2000952B89 /* toDoListAppTests.swift in Sources */,
			);
			runOnlyForDeploymentPostprocessing = 0;
		};
		C16ACB7C286A3D2000952B89 /* Sources */ = {
			isa = PBXSourcesBuildPhase;
			buildActionMask = 2147483647;
			files = (
				C16ACB87286A3D2000952B89 /* toDoListAppUITestsLaunchTests.swift in Sources */,
				C16ACB85286A3D2000952B89 /* toDoListAppUITests.swift in Sources */,
			);
			runOnlyForDeploymentPostprocessing = 0;
		};
/* End PBXSourcesBuildPhase section */

/* Begin PBXTargetDependency section */
		C16ACB78286A3D2000952B89 /* PBXTargetDependency */ = {
			isa = PBXTargetDependency;
			target = C16ACB5C286A3D1200952B89 /* toDoListApp */;
			targetProxy = C16ACB77286A3D2000952B89 /* PBXContainerItemProxy */;
		};
		C16ACB82286A3D2000952B89 /* PBXTargetDependency */ = {
			isa = PBXTargetDependency;
			target = C16ACB5C286A3D1200952B89 /* toDoListApp */;
			targetProxy = C16ACB81286A3D2000952B89 /* PBXContainerItemProxy */;
		};
/* End PBXTargetDependency section */

/* Begin PBXVariantGroup section */
		C16ACB66286A3D1200952B89 /* Main.storyboard */ = {
			isa = PBXVariantGroup;
			children = (
				C16ACB67286A3D1200952B89 /* Base */,
			);
			name = Main.storyboard;
			sourceTree = "<group>";
		};
		C16ACB6E286A3D1E00952B89 /* LaunchScreen.storyboard */ = {
			isa = PBXVariantGroup;
			children = (
				C16ACB6F286A3D1E00952B89 /* Base */,
			);
			name = LaunchScreen.storyboard;
			sourceTree = "<group>";
		};
/* End PBXVariantGroup section */

/* Begin XCBuildConfiguration section */
		C16ACB88286A3D2000952B89 /* Debug */ = {
			isa = XCBuildConfiguration;
			buildSettings = {
				ALWAYS_SEARCH_USER_PATHS = NO;
				CLANG_ANALYZER_NONNULL = YES;
				CLANG_ANALYZER_NUMBER_OBJECT_CONVERSION = YES_AGGRESSIVE;
				CLANG_CXX_LANGUAGE_STANDARD = "gnu++17";
				CLANG_ENABLE_MODULES = YES;
				CLANG_ENABLE_OBJC_ARC = YES;
				CLANG_ENABLE_OBJC_WEAK = YES;
				CLANG_WARN_BLOCK_CAPTURE_AUTORELEASING = YES;
				CLANG_WARN_BOOL_CONVERSION = YES;
				CLANG_WARN_COMMA = YES;
				CLANG_WARN_CONSTANT_CONVERSION = YES;
				CLANG_WARN_DEPRECATED_OBJC_IMPLEMENTATIONS = YES;
				CLANG_WARN_DIRECT_OBJC_ISA_USAGE = YES_ERROR;
				CLANG_WARN_DOCUMENTATION_COMMENTS = YES;
				CLANG_WARN_EMPTY_BODY = YES;
				CLANG_WARN_ENUM_CONVERSION = YES;
				CLANG_WARN_INFINITE_RECURSION = YES;
				CLANG_WARN_INT_CONVERSION = YES;
				CLANG_WARN_NON_LITERAL_NULL_CONVERSION = YES;
				CLANG_WARN_OBJC_IMPLICIT_RETAIN_SELF = YES;
				CLANG_WARN_OBJC_LITERAL_CONVERSION = YES;
				CLANG_WARN_OBJC_ROOT_CLASS = YES_ERROR;
				CLANG_WARN_QUOTED_INCLUDE_IN_FRAMEWORK_HEADER = YES;
				CLANG_WARN_RANGE_LOOP_ANALYSIS = YES;
				CLANG_WARN_STRICT_PROTOTYPES = YES;
				CLANG_WARN_SUSPICIOUS_MOVE = YES;
				CLANG_WARN_UNGUARDED_AVAILABILITY = YES_AGGRESSIVE;
				CLANG_WARN_UNREACHABLE_CODE = YES;
				CLANG_WARN__DUPLICATE_METHOD_MATCH = YES;
				COPY_PHASE_STRIP = NO;
				DEBUG_INFORMATION_FORMAT = dwarf;
				ENABLE_STRICT_OBJC_MSGSEND = YES;
				ENABLE_TESTABILITY = YES;
				GCC_C_LANGUAGE_STANDARD = gnu11;
				GCC_DYNAMIC_NO_PIC = NO;
				GCC_NO_COMMON_BLOCKS = YES;
				GCC_OPTIMIZATION_LEVEL = 0;
				GCC_PREPROCESSOR_DEFINITIONS = (
					"DEBUG=1",
					"$(inherited)",
				);
				GCC_WARN_64_TO_32_BIT_CONVERSION = YES;
				GCC_WARN_ABOUT_RETURN_TYPE = YES_ERROR;
				GCC_WARN_UNDECLARED_SELECTOR = YES;
				GCC_WARN_UNINITIALIZED_AUTOS = YES_AGGRESSIVE;
				GCC_WARN_UNUSED_FUNCTION = YES;
				GCC_WARN_UNUSED_VARIABLE = YES;
				IPHONEOS_DEPLOYMENT_TARGET = 15.5;
				MTL_ENABLE_DEBUG_INFO = INCLUDE_SOURCE;
				MTL_FAST_MATH = YES;
				ONLY_ACTIVE_ARCH = YES;
				SDKROOT = iphoneos;
				SWIFT_ACTIVE_COMPILATION_CONDITIONS = DEBUG;
				SWIFT_OPTIMIZATION_LEVEL = "-Onone";
			};
			name = Debug;
		};
		C16ACB89286A3D2000952B89 /* Release */ = {
			isa = XCBuildConfiguration;
			buildSettings = {
				ALWAYS_SEARCH_USER_PATHS = NO;
				CLANG_ANALYZER_NONNULL = YES;
				CLANG_ANALYZER_NUMBER_OBJECT_CONVERSION = YES_AGGRESSIVE;
				CLANG_CXX_LANGUAGE_STANDARD = "gnu++17";
				CLANG_ENABLE_MODULES = YES;
				CLANG_ENABLE_OBJC_ARC = YES;
				CLANG_ENABLE_OBJC_WEAK = YES;
				CLANG_WARN_BLOCK_CAPTURE_AUTORELEASING = YES;
				CLANG_WARN_BOOL_CONVERSION = YES;
				CLANG_WARN_COMMA = YES;
				CLANG_WARN_CONSTANT_CONVERSION = YES;
				CLANG_WARN_DEPRECATED_OBJC_IMPLEMENTATIONS = YES;
				CLANG_WARN_DIRECT_OBJC_ISA_USAGE = YES_ERROR;
				CLANG_WARN_DOCUMENTATION_COMMENTS = YES;
				CLANG_WARN_EMPTY_BODY = YES;
				CLANG_WARN_ENUM_CONVERSION = YES;
				CLANG_WARN_INFINITE_RECURSION = YES;
				CLANG_WARN_INT_CONVERSION = YES;
				CLANG_WARN_NON_LITERAL_NULL_CONVERSION = YES;
				CLANG_WARN_OBJC_IMPLICIT_RETAIN_SELF = YES;
				CLANG_WARN_OBJC_LITERAL_CONVERSION = YES;
				CLANG_WARN_OBJC_ROOT_CLASS = YES_ERROR;
				CLANG_WARN_QUOTED_INCLUDE_IN_FRAMEWORK_HEADER = YES;
				CLANG_WARN_RANGE_LOOP_ANALYSIS = YES;
				CLANG_WARN_STRICT_PROTOTYPES = YES;
				CLANG_WARN_SUSPICIOUS_MOVE = YES;
				CLANG_WARN_UNGUARDED_AVAILABILITY = YES_AGGRESSIVE;
				CLANG_WARN_UNREACHABLE_CODE = YES;
				CLANG_WARN__DUPLICATE_METHOD_MATCH = YES;
				COPY_PHASE_STRIP = NO;
				DEBUG_INFORMATION_FORMAT = "dwarf-with-dsym";
				ENABLE_NS_ASSERTIONS = NO;
				ENABLE_STRICT_OBJC_MSGSEND = YES;
				GCC_C_LANGUAGE_STANDARD = gnu11;
				GCC_NO_COMMON_BLOCKS = YES;
				GCC_WARN_64_TO_32_BIT_CONVERSION = YES;
				GCC_WARN_ABOUT_RETURN_TYPE = YES_ERROR;
				GCC_WARN_UNDECLARED_SELECTOR = YES;
				GCC_WARN_UNINITIALIZED_AUTOS = YES_AGGRESSIVE;
				GCC_WARN_UNUSED_FUNCTION = YES;
				GCC_WARN_UNUSED_VARIABLE = YES;
				IPHONEOS_DEPLOYMENT_TARGET = 15.5;
				MTL_ENABLE_DEBUG_INFO = NO;
				MTL_FAST_MATH = YES;
				SDKROOT = iphoneos;
				SWIFT_COMPILATION_MODE = wholemodule;
				SWIFT_OPTIMIZATION_LEVEL = "-O";
				VALIDATE_PRODUCT = YES;
			};
			name = Release;
		};
		C16ACB8B286A3D2000952B89 /* Debug */ = {
			isa = XCBuildConfiguration;
			buildSettings = {
				ASSETCATALOG_COMPILER_APPICON_NAME = AppIcon;
				ASSETCATALOG_COMPILER_GLOBAL_ACCENT_COLOR_NAME = AccentColor;
				CODE_SIGN_STYLE = Automatic;
				CURRENT_PROJECT_VERSION = 1;
				GENERATE_INFOPLIST_FILE = YES;
				INFOPLIST_FILE = toDoListApp/Info.plist;
				INFOPLIST_KEY_UIApplicationSupportsIndirectInputEvents = YES;
				INFOPLIST_KEY_UILaunchStoryboardName = LaunchScreen;
				INFOPLIST_KEY_UIMainStoryboardFile = Main;
				INFOPLIST_KEY_UISupportedInterfaceOrientations_iPad = "UIInterfaceOrientationPortrait UIInterfaceOrientationPortraitUpsideDown UIInterfaceOrientationLandscapeLeft UIInterfaceOrientationLandscapeRight";
				INFOPLIST_KEY_UISupportedInterfaceOrientations_iPhone = "UIInterfaceOrientationPortrait UIInterfaceOrientationLandscapeLeft UIInterfaceOrientationLandscapeRight";
				LD_RUNPATH_SEARCH_PATHS = (
					"$(inherited)",
					"@executable_path/Frameworks",
				);
				MARKETING_VERSION = 1.0;
				PRODUCT_BUNDLE_IDENTIFIER = kwk.toDoListApp;
				PRODUCT_NAME = "$(TARGET_NAME)";
				SWIFT_EMIT_LOC_STRINGS = YES;
				SWIFT_VERSION = 5.0;
				TARGETED_DEVICE_FAMILY = "1,2";
			};
			name = Debug;
		};
		C16ACB8C286A3D2000952B89 /* Release */ = {
			isa = XCBuildConfiguration;
			buildSettings = {
				ASSETCATALOG_COMPILER_APPICON_NAME = AppIcon;
				ASSETCATALOG_COMPILER_GLOBAL_ACCENT_COLOR_NAME = AccentColor;
				CODE_SIGN_STYLE = Automatic;
				CURRENT_PROJECT_VERSION = 1;
				GENERATE_INFOPLIST_FILE = YES;
				INFOPLIST_FILE = toDoListApp/Info.plist;
				INFOPLIST_KEY_UIApplicationSupportsIndirectInputEvents = YES;
				INFOPLIST_KEY_UILaunchStoryboardName = LaunchScreen;
				INFOPLIST_KEY_UIMainStoryboardFile = Main;
				INFOPLIST_KEY_UISupportedInterfaceOrientations_iPad = "UIInterfaceOrientationPortrait UIInterfaceOrientationPortraitUpsideDown UIInterfaceOrientationLandscapeLeft UIInterfaceOrientationLandscapeRight";
				INFOPLIST_KEY_UISupportedInterfaceOrientations_iPhone = "UIInterfaceOrientationPortrait UIInterfaceOrientationLandscapeLeft UIInterfaceOrientationLandscapeRight";
				LD_RUNPATH_SEARCH_PATHS = (
					"$(inherited)",
					"@executable_path/Frameworks",
				);
				MARKETING_VERSION = 1.0;
				PRODUCT_BUNDLE_IDENTIFIER = kwk.toDoListApp;
				PRODUCT_NAME = "$(TARGET_NAME)";
				SWIFT_EMIT_LOC_STRINGS = YES;
				SWIFT_VERSION = 5.0;
				TARGETED_DEVICE_FAMILY = "1,2";
			};
			name = Release;
		};
		C16ACB8E286A3D2000952B89 /* Debug */ = {
			isa = XCBuildConfiguration;
			buildSettings = {
				ALWAYS_EMBED_SWIFT_STANDARD_LIBRARIES = YES;
				BUNDLE_LOADER = "$(TEST_HOST)";
				CODE_SIGN_STYLE = Automatic;
				CURRENT_PROJECT_VERSION = 1;
				GENERATE_INFOPLIST_FILE = YES;
				IPHONEOS_DEPLOYMENT_TARGET = 15.5;
				MARKETING_VERSION = 1.0;
				PRODUCT_BUNDLE_IDENTIFIER = kwk.toDoListAppTests;
				PRODUCT_NAME = "$(TARGET_NAME)";
				SWIFT_EMIT_LOC_STRINGS = NO;
				SWIFT_VERSION = 5.0;
				TARGETED_DEVICE_FAMILY = "1,2";
				TEST_HOST = "$(BUILT_PRODUCTS_DIR)/toDoListApp.app/toDoListApp";
			};
			name = Debug;
		};
		C16ACB8F286A3D2000952B89 /* Release */ = {
			isa = XCBuildConfiguration;
			buildSettings = {
				ALWAYS_EMBED_SWIFT_STANDARD_LIBRARIES = YES;
				BUNDLE_LOADER = "$(TEST_HOST)";
				CODE_SIGN_STYLE = Automatic;
				CURRENT_PROJECT_VERSION = 1;
				GENERATE_INFOPLIST_FILE = YES;
				IPHONEOS_DEPLOYMENT_TARGET = 15.5;
				MARKETING_VERSION = 1.0;
				PRODUCT_BUNDLE_IDENTIFIER = kwk.toDoListAppTests;
				PRODUCT_NAME = "$(TARGET_NAME)";
				SWIFT_EMIT_LOC_STRINGS = NO;
				SWIFT_VERSION = 5.0;
				TARGETED_DEVICE_FAMILY = "1,2";
				TEST_HOST = "$(BUILT_PRODUCTS_DIR)/toDoListApp.app/toDoListApp";
			};
			name = Release;
		};
		C16ACB91286A3D2000952B89 /* Debug */ = {
			isa = XCBuildConfiguration;
			buildSettings = {
				ALWAYS_EMBED_SWIFT_STANDARD_LIBRARIES = YES;
				CODE_SIGN_STYLE = Automatic;
				CURRENT_PROJECT_VERSION = 1;
				GENERATE_INFOPLIST_FILE = YES;
				MARKETING_VERSION = 1.0;
				PRODUCT_BUNDLE_IDENTIFIER = kwk.toDoListAppUITests;
				PRODUCT_NAME = "$(TARGET_NAME)";
				SWIFT_EMIT_LOC_STRINGS = NO;
				SWIFT_VERSION = 5.0;
				TARGETED_DEVICE_FAMILY = "1,2";
				TEST_TARGET_NAME = toDoListApp;
			};
			name = Debug;
		};
		C16ACB92286A3D2000952B89 /* Release */ = {
			isa = XCBuildConfiguration;
			buildSettings = {
				ALWAYS_EMBED_SWIFT_STANDARD_LIBRARIES = YES;
				CODE_SIGN_STYLE = Automatic;
				CURRENT_PROJECT_VERSION = 1;
				GENERATE_INFOPLIST_FILE = YES;
				MARKETING_VERSION = 1.0;
				PRODUCT_BUNDLE_IDENTIFIER = kwk.toDoListAppUITests;
				PRODUCT_NAME = "$(TARGET_NAME)";
				SWIFT_EMIT_LOC_STRINGS = NO;
				SWIFT_VERSION = 5.0;
				TARGETED_DEVICE_FAMILY = "1,2";
				TEST_TARGET_NAME = toDoListApp;
			};
			name = Release;
		};
/* End XCBuildConfiguration section */

/* Begin XCConfigurationList section */
		C16ACB58286A3D1200952B89 /* Build configuration list for PBXProject "toDoListApp" */ = {
			isa = XCConfigurationList;
			buildConfigurations = (
				C16ACB88286A3D2000952B89 /* Debug */,
				C16ACB89286A3D2000952B89 /* Release */,
			);
			defaultConfigurationIsVisible = 0;
			defaultConfigurationName = Release;
		};
		C16ACB8A286A3D2000952B89 /* Build configuration list for PBXNativeTarget "toDoListApp" */ = {
			isa = XCConfigurationList;
			buildConfigurations = (
				C16ACB8B286A3D2000952B89 /* Debug */,
				C16ACB8C286A3D2000952B89 /* Release */,
			);
			defaultConfigurationIsVisible = 0;
			defaultConfigurationName = Release;
		};
		C16ACB8D286A3D2000952B89 /* Build configuration list for PBXNativeTarget "toDoListAppTests" */ = {
			isa = XCConfigurationList;
			buildConfigurations = (
				C16ACB8E286A3D2000952B89 /* Debug */,
				C16ACB8F286A3D2000952B89 /* Release */,
			);
			defaultConfigurationIsVisible = 0;
			defaultConfigurationName = Release;
		};
		C16ACB90286A3D2000952B89 /* Build configuration list for PBXNativeTarget "toDoListAppUITests" */ = {
			isa = XCConfigurationList;
			buildConfigurations = (
				C16ACB91286A3D2000952B89 /* Debug */,
				C16ACB92286A3D2000952B89 /* Release */,
			);
			defaultConfigurationIsVisible = 0;
			defaultConfigurationName = Release;
		};
/* End XCConfigurationList section */

/* Begin XCVersionGroup section */
		C16ACB69286A3D1200952B89 /* toDoListApp.xcdatamodeld */ = {
			isa = XCVersionGroup;
			children = (
				C16ACB6A286A3D1200952B89 /* toDoListApp.xcdatamodel */,
			);
			currentVersion = C16ACB6A286A3D1200952B89 /* toDoListApp.xcdatamodel */;
			path = toDoListApp.xcdatamodeld;
			sourceTree = "<group>";
			versionGroupType = wrapper.xcdatamodel;
		};
/* End XCVersionGroup section */
	};
	rootObject = C16ACB55286A3D1200952B89 /* Project object */;
}
